PODS:
  - BFRImageViewer (1.2.9):
    - PINRemoteImage (~> 3.0.0)
  - Kingfisher (7.9.1)
  - PINCache (3.0.3):
    - PINCache/Arc-exception-safe (= 3.0.3)
    - PINCache/Core (= 3.0.3)
  - PINCache/Arc-exception-safe (3.0.3):
    - PINCache/Core
  - PINCache/Core (3.0.3):
    - PINOperation (~> 1.2.1)
  - PINOperation (1.2.1)
  - PINRemoteImage (3.0.3):
    - PINRemoteImage/PINCache (= 3.0.3)
  - PINRemoteImage/Core (3.0.3):
    - PINOperation
  - PINRemoteImage/PINCache (3.0.3):
    - PINCache (~> 3.0.3)
    - PINRemoteImage/Core

DEPENDENCIES:
  - BFRImageViewer (~> 1.2.9)
  - Kingfisher (~> 7.0)
  - PINRemoteImage (~> 3.0.3)

SPEC REPOS:
  trunk:
    - BFRImageViewer
    - Kingfisher
    - PINCache
    - PINOperation
    - PINRemoteImage

SPEC CHECKSUMS:
  BFRImageViewer: 57f7ba6055956d383b49577a78643fa442e70aa4
  Kingfisher: 1d14e9f59cbe19389f591c929000332bf70efd32
  PINCache: 7a8fc1a691173d21dbddbf86cd515de6efa55086
  PINOperation: 00c935935f1e8cf0d1e2d6b542e75b88fc3e5e20
  PINRemoteImage: f1295b29f8c5e640e25335a1b2bd9d805171bd01

PODFILE CHECKSUM: f81f24d13826d46bfdb87646df197b99b99ee9fe

COCOAPODS: 1.13.0
