{
  "originHash" : "32ea4272ce84a5543b360cde36d07e07282dea50c831402905f499975ba4f550",
  "pins" : [
    {
      "identity" : "bfrimageviewer",
      "kind" : "remoteSourceControl",
      "location" : "https://github.com/stingray06/BFRImageViewer",
      "state" : {
        "revision" : "452cf72471ec1afb343eb0f31e6817dc4b0f9e90",
        "version" : "1.2.11"
      }
    },
    {
      "identity" : "factory",
      "kind" : "remoteSourceControl",
      "location" : "https://github.com/hmlongco/Factory",
      "state" : {
        "revision" : "fb04a8918848e413d3921d346a23bae7f81088d9",
        "version" : "2.4.3"
      }
    },
    {
      "identity" : "inputbaraccessoryview",
      "kind" : "remoteSourceControl",
      "location" : "https://github.com/nathantannar4/InputBarAccessoryView",
      "state" : {
        "revision" : "c7acd5fa32e54cd7a44ad7eb9a7730da35b54c95",
        "version" : "6.5.1"
      }
    },
    {
      "identity" : "keychain-swift",
      "kind" : "remoteSourceControl",
      "location" : "https://github.com/evgenyneu/keychain-swift",
      "state" : {
        "revision" : "96fb84f45a96630e7583903bd7e08cf095c7a7ef",
        "version" : "19.0.0"
      }
    },
    {
      "identity" : "kingfisher",
      "kind" : "remoteSourceControl",
      "location" : "https://github.com/onevcat/Kingfisher.git",
      "state" : {
        "revision" : "2ef543ee21d63734e1c004ad6c870255e8716c50",
        "version" : "7.12.0"
      }
    },
    {
      "identity" : "messagekit",
      "kind" : "remoteSourceControl",
      "location" : "https://github.com/MessageKit/MessageKit",
      "state" : {
        "revision" : "b024c1287ac30fb6ea2ee07169e6193efc11d972",
        "version" : "4.3.0"
      }
    },
    {
      "identity" : "pincache",
      "kind" : "remoteSourceControl",
      "location" : "https://github.com/pinterest/PINCache.git",
      "state" : {
        "revision" : "2fb85948463292c2e824148cf17dc62a4c217a94",
        "version" : "3.0.4"
      }
    },
    {
      "identity" : "pinoperation",
      "kind" : "remoteSourceControl",
      "location" : "https://github.com/pinterest/PINOperation.git",
      "state" : {
        "revision" : "a74f978733bdaf982758bfa23d70a189f4b4c1b6",
        "version" : "1.2.3"
      }
    },
    {
      "identity" : "pinremoteimage",
      "kind" : "remoteSourceControl",
      "location" : "https://github.com/pinterest/PINRemoteImage",
      "state" : {
        "revision" : "37022d0fb9359ce33fa06028d03382c8b9957c62",
        "version" : "3.0.4"
      }
    },
    {
      "identity" : "sdk-ios",
      "kind" : "remoteSourceControl",
      "location" : "https://github.com/LiveTex/sdk-ios",
      "state" : {
        "branch" : "master",
        "revision" : "7296d04ab1d7d6a8210e1cf181d29969a2d16520"
      }
    },
    {
      "identity" : "sdk-ui-ios",
      "kind" : "remoteSourceControl",
      "location" : "https://github.com/LiveTex/sdk-ui-ios",
      "state" : {
        "branch" : "master",
        "revision" : "20224701f83ca174de82377196cfe08df3247b75"
      }
    }
  ],
  "version" : 3
}
